// !$*UTF8*$!
{
	archiveVersion = 1;
	classes = {
	};
	objectVersion = 51;
	objects = {

/* Begin PBXBuildFile section */
		076B15B325AF220F009A3224 /* UIView+Frame.m in Sources */ = {isa = PBXBuildFile; fileRef = 076B15B225AF220F009A3224 /* UIView+Frame.m */; };
		076B15F425AFEABA009A3224 /* aaaaaa.swift in Sources */ = {isa = PBXBuildFile; fileRef = 076B15F325AFEABA009A3224 /* aaaaaa.swift */; };
		076B161A25AFF005009A3224 /* VCLabelSticker.swift in Sources */ = {isa = PBXBuildFile; fileRef = 076B161525AFF005009A3224 /* VCLabelSticker.swift */; };
		076B161B25AFF005009A3224 /* VCImageSticker.swift in Sources */ = {isa = PBXBuildFile; fileRef = 076B161625AFF005009A3224 /* VCImageSticker.swift */; };
		076B161C25AFF005009A3224 /* Images.xcassets in Resources */ = {isa = PBXBuildFile; fileRef = 076B161725AFF005009A3224 /* Images.xcassets */; };
		076B161D25AFF005009A3224 /* VCBaseSticker.swift in Sources */ = {isa = PBXBuildFile; fileRef = 076B161825AFF005009A3224 /* VCBaseSticker.swift */; };
		076B161E25AFF005009A3224 /* VCStickerUtils.swift in Sources */ = {isa = PBXBuildFile; fileRef = 076B161925AFF005009A3224 /* VCStickerUtils.swift */; };
		4A0C5305DAEF963CA109C4B5 /* Pods_CameraCut.framework in Frameworks */ = {isa = PBXBuildFile; fileRef = 534AD76C5894D6EFCA4CF843 /* Pods_CameraCut.framework */; };
		594DE6EA4B7396B4683BC553 /* Pods_CameraCut_CameraCutUITests.framework in Frameworks */ = {isa = PBXBuildFile; fileRef = 159FCC51D5298636074A7CA1 /* Pods_CameraCut_CameraCutUITests.framework */; };
		6FE23D4B00750FF30B9FAF55 /* Pods_CameraCutTests.framework in Frameworks */ = {isa = PBXBuildFile; fileRef = A39887FB348AA4E7918C6458 /* Pods_CameraCutTests.framework */; };
		D683501E2313CE9600C13E5F /* AppDelegate.m in Sources */ = {isa = PBXBuildFile; fileRef = D683501D2313CE9600C13E5F /* AppDelegate.m */; };
		D68350212313CE9600C13E5F /* ViewController.mm in Sources */ = {isa = PBXBuildFile; fileRef = D68350202313CE9600C13E5F /* ViewController.mm */; settings = {COMPILER_FLAGS = "-fcxx-modules"; }; };
		D68350242313CE9600C13E5F /* Main.storyboard in Resources */ = {isa = PBXBuildFile; fileRef = D68350222313CE9600C13E5F /* Main.storyboard */; };
		D68350262313CE9800C13E5F /* Assets.xcassets in Resources */ = {isa = PBXBuildFile; fileRef = D68350252313CE9800C13E5F /* Assets.xcassets */; };
		D68350292313CE9800C13E5F /* LaunchScreen.storyboard in Resources */ = {isa = PBXBuildFile; fileRef = D68350272313CE9800C13E5F /* LaunchScreen.storyboard */; };
		D683502C2313CE9800C13E5F /* main.m in Sources */ = {isa = PBXBuildFile; fileRef = D683502B2313CE9800C13E5F /* main.m */; };
		D68350502313CEC500C13E5F /* CSJScanIDCardViewController.m in Sources */ = {isa = PBXBuildFile; fileRef = D683504E2313CEC500C13E5F /* CSJScanIDCardViewController.m */; };
		D68350532313D0A100C13E5F /* CSJIDScanView.m in Sources */ = {isa = PBXBuildFile; fileRef = D68350522313D0A100C13E5F /* CSJIDScanView.m */; };
		D68350562313D1DB00C13E5F /* UIColor+UIColorFromRGB.m in Sources */ = {isa = PBXBuildFile; fileRef = D68350552313D1DA00C13E5F /* UIColor+UIColorFromRGB.m */; };
/* End PBXBuildFile section */

/* Begin PBXContainerItemProxy section */
		D68350322313CE9800C13E5F /* PBXContainerItemProxy */ = {
			isa = PBXContainerItemProxy;
			containerPortal = D68350112313CE9600C13E5F /* Project object */;
			proxyType = 1;
			remoteGlobalIDString = D68350182313CE9600C13E5F;
			remoteInfo = CameraCut;
		};
		D683503D2313CE9800C13E5F /* PBXContainerItemProxy */ = {
			isa = PBXContainerItemProxy;
			containerPortal = D68350112313CE9600C13E5F /* Project object */;
			proxyType = 1;
			remoteGlobalIDString = D68350182313CE9600C13E5F;
			remoteInfo = CameraCut;
		};
/* End PBXContainerItemProxy section */

/* Begin PBXFileReference section */
		076B15B125AF220F009A3224 /* UIView+Frame.h */ = {isa = PBXFileReference; fileEncoding = 4; lastKnownFileType = sourcecode.c.h; path = "UIView+Frame.h"; sourceTree = "<group>"; };
		076B15B225AF220F009A3224 /* UIView+Frame.m */ = {isa = PBXFileReference; fileEncoding = 4; lastKnownFileType = sourcecode.c.objc; path = "UIView+Frame.m"; sourceTree = "<group>"; };
		076B15C725AF2892009A3224 /* CameraCut-Bridging-Header.h */ = {isa = PBXFileReference; lastKnownFileType = sourcecode.c.h; path = "CameraCut-Bridging-Header.h"; sourceTree = "<group>"; };
		076B15F325AFEABA009A3224 /* aaaaaa.swift */ = {isa = PBXFileReference; lastKnownFileType = sourcecode.swift; path = aaaaaa.swift; sourceTree = "<group>"; };
		076B161525AFF005009A3224 /* VCLabelSticker.swift */ = {isa = PBXFileReference; fileEncoding = 4; lastKnownFileType = sourcecode.swift; path = VCLabelSticker.swift; sourceTree = "<group>"; };
		076B161625AFF005009A3224 /* VCImageSticker.swift */ = {isa = PBXFileReference; fileEncoding = 4; lastKnownFileType = sourcecode.swift; path = VCImageSticker.swift; sourceTree = "<group>"; };
		076B161725AFF005009A3224 /* Images.xcassets */ = {isa = PBXFileReference; lastKnownFileType = folder.assetcatalog; path = Images.xcassets; sourceTree = "<group>"; };
		076B161825AFF005009A3224 /* VCBaseSticker.swift */ = {isa = PBXFileReference; fileEncoding = 4; lastKnownFileType = sourcecode.swift; path = VCBaseSticker.swift; sourceTree = "<group>"; };
		076B161925AFF005009A3224 /* VCStickerUtils.swift */ = {isa = PBXFileReference; fileEncoding = 4; lastKnownFileType = sourcecode.swift; path = VCStickerUtils.swift; sourceTree = "<group>"; };
		159FCC51D5298636074A7CA1 /* Pods_CameraCut_CameraCutUITests.framework */ = {isa = PBXFileReference; explicitFileType = wrapper.framework; includeInIndex = 0; path = Pods_CameraCut_CameraCutUITests.framework; sourceTree = BUILT_PRODUCTS_DIR; };
		2611BEB626DF325A18870DB7 /* Pods-CameraCutTests.debug.xcconfig */ = {isa = PBXFileReference; includeInIndex = 1; lastKnownFileType = text.xcconfig; name = "Pods-CameraCutTests.debug.xcconfig"; path = "Target Support Files/Pods-CameraCutTests/Pods-CameraCutTests.debug.xcconfig"; sourceTree = "<group>"; };
		534AD76C5894D6EFCA4CF843 /* Pods_CameraCut.framework */ = {isa = PBXFileReference; explicitFileType = wrapper.framework; includeInIndex = 0; path = Pods_CameraCut.framework; sourceTree = BUILT_PRODUCTS_DIR; };
		6B4E44206382F04D6B47D142 /* Pods-CameraCut.debug.xcconfig */ = {isa = PBXFileReference; includeInIndex = 1; lastKnownFileType = text.xcconfig; name = "Pods-CameraCut.debug.xcconfig"; path = "Target Support Files/Pods-CameraCut/Pods-CameraCut.debug.xcconfig"; sourceTree = "<group>"; };
		A39887FB348AA4E7918C6458 /* Pods_CameraCutTests.framework */ = {isa = PBXFileReference; explicitFileType = wrapper.framework; includeInIndex = 0; path = Pods_CameraCutTests.framework; sourceTree = BUILT_PRODUCTS_DIR; };
		B7A3E23E2A0010EEEB32F9FE /* Pods-CameraCut.release.xcconfig */ = {isa = PBXFileReference; includeInIndex = 1; lastKnownFileType = text.xcconfig; name = "Pods-CameraCut.release.xcconfig"; path = "Target Support Files/Pods-CameraCut/Pods-CameraCut.release.xcconfig"; sourceTree = "<group>"; };
		C4B278832B3521FC030FC0F0 /* Pods-CameraCutTests.release.xcconfig */ = {isa = PBXFileReference; includeInIndex = 1; lastKnownFileType = text.xcconfig; name = "Pods-CameraCutTests.release.xcconfig"; path = "Target Support Files/Pods-CameraCutTests/Pods-CameraCutTests.release.xcconfig"; sourceTree = "<group>"; };
		CC2B1DC45343381CBF14E42F /* Pods-CameraCut-CameraCutUITests.release.xcconfig */ = {isa = PBXFileReference; includeInIndex = 1; lastKnownFileType = text.xcconfig; name = "Pods-CameraCut-CameraCutUITests.release.xcconfig"; path = "Target Support Files/Pods-CameraCut-CameraCutUITests/Pods-CameraCut-CameraCutUITests.release.xcconfig"; sourceTree = "<group>"; };
		D68350192313CE9600C13E5F /* CameraCut.app */ = {isa = PBXFileReference; explicitFileType = wrapper.application; includeInIndex = 0; path = CameraCut.app; sourceTree = BUILT_PRODUCTS_DIR; };
		D683501C2313CE9600C13E5F /* AppDelegate.h */ = {isa = PBXFileReference; lastKnownFileType = sourcecode.c.h; path = AppDelegate.h; sourceTree = "<group>"; };
		D683501D2313CE9600C13E5F /* AppDelegate.m */ = {isa = PBXFileReference; lastKnownFileType = sourcecode.c.objc; path = AppDelegate.m; sourceTree = "<group>"; };
		D683501F2313CE9600C13E5F /* ViewController.h */ = {isa = PBXFileReference; lastKnownFileType = sourcecode.c.h; path = ViewController.h; sourceTree = "<group>"; };
		D68350202313CE9600C13E5F /* ViewController.mm */ = {isa = PBXFileReference; lastKnownFileType = sourcecode.cpp.objcpp; path = ViewController.mm; sourceTree = "<group>"; };
		D68350232313CE9600C13E5F /* Base */ = {isa = PBXFileReference; lastKnownFileType = file.storyboard; name = Base; path = Base.lproj/Main.storyboard; sourceTree = "<group>"; };
		D68350252313CE9800C13E5F /* Assets.xcassets */ = {isa = PBXFileReference; lastKnownFileType = folder.assetcatalog; path = Assets.xcassets; sourceTree = "<group>"; };
		D68350282313CE9800C13E5F /* Base */ = {isa = PBXFileReference; lastKnownFileType = file.storyboard; name = Base; path = Base.lproj/LaunchScreen.storyboard; sourceTree = "<group>"; };
		D683502A2313CE9800C13E5F /* Info.plist */ = {isa = PBXFileReference; lastKnownFileType = text.plist.xml; path = Info.plist; sourceTree = "<group>"; };
		D683502B2313CE9800C13E5F /* main.m */ = {isa = PBXFileReference; lastKnownFileType = sourcecode.c.objc; path = main.m; sourceTree = "<group>"; };
		D68350312313CE9800C13E5F /* CameraCutTests.xctest */ = {isa = PBXFileReference; explicitFileType = wrapper.cfbundle; includeInIndex = 0; path = CameraCutTests.xctest; sourceTree = BUILT_PRODUCTS_DIR; };
		D683503C2313CE9800C13E5F /* CameraCutUITests.xctest */ = {isa = PBXFileReference; explicitFileType = wrapper.cfbundle; includeInIndex = 0; path = CameraCutUITests.xctest; sourceTree = BUILT_PRODUCTS_DIR; };
		D683504E2313CEC500C13E5F /* CSJScanIDCardViewController.m */ = {isa = PBXFileReference; fileEncoding = 4; lastKnownFileType = sourcecode.c.objc; path = CSJScanIDCardViewController.m; sourceTree = "<group>"; };
		D683504F2313CEC500C13E5F /* CSJScanIDCardViewController.h */ = {isa = PBXFileReference; fileEncoding = 4; lastKnownFileType = sourcecode.c.h; path = CSJScanIDCardViewController.h; sourceTree = "<group>"; };
		D68350512313D0A100C13E5F /* CSJIDScanView.h */ = {isa = PBXFileReference; fileEncoding = 4; lastKnownFileType = sourcecode.c.h; path = CSJIDScanView.h; sourceTree = "<group>"; };
		D68350522313D0A100C13E5F /* CSJIDScanView.m */ = {isa = PBXFileReference; fileEncoding = 4; lastKnownFileType = sourcecode.c.objc; path = CSJIDScanView.m; sourceTree = "<group>"; };
		D68350542313D1DA00C13E5F /* UIColor+UIColorFromRGB.h */ = {isa = PBXFileReference; fileEncoding = 4; lastKnownFileType = sourcecode.c.h; path = "UIColor+UIColorFromRGB.h"; sourceTree = "<group>"; };
		D68350552313D1DA00C13E5F /* UIColor+UIColorFromRGB.m */ = {isa = PBXFileReference; fileEncoding = 4; lastKnownFileType = sourcecode.c.objc; path = "UIColor+UIColorFromRGB.m"; sourceTree = "<group>"; };
		DEE85D330805045E3DEC979F /* Pods-CameraCut-CameraCutUITests.debug.xcconfig */ = {isa = PBXFileReference; includeInIndex = 1; lastKnownFileType = text.xcconfig; name = "Pods-CameraCut-CameraCutUITests.debug.xcconfig"; path = "Target Support Files/Pods-CameraCut-CameraCutUITests/Pods-CameraCut-CameraCutUITests.debug.xcconfig"; sourceTree = "<group>"; };
/* End PBXFileReference section */

/* Begin PBXFrameworksBuildPhase section */
		D68350162313CE9600C13E5F /* Frameworks */ = {
			isa = PBXFrameworksBuildPhase;
			buildActionMask = 2147483647;
			files = (
				4A0C5305DAEF963CA109C4B5 /* Pods_CameraCut.framework in Frameworks */,
			);
			runOnlyForDeploymentPostprocessing = 0;
		};
		D683502E2313CE9800C13E5F /* Frameworks */ = {
			isa = PBXFrameworksBuildPhase;
			buildActionMask = 2147483647;
			files = (
				6FE23D4B00750FF30B9FAF55 /* Pods_CameraCutTests.framework in Frameworks */,
			);
			runOnlyForDeploymentPostprocessing = 0;
		};
		D68350392313CE9800C13E5F /* Frameworks */ = {
			isa = PBXFrameworksBuildPhase;
			buildActionMask = 2147483647;
			files = (
				594DE6EA4B7396B4683BC553 /* Pods_CameraCut_CameraCutUITests.framework in Frameworks */,
			);
			runOnlyForDeploymentPostprocessing = 0;
		};
/* End PBXFrameworksBuildPhase section */

/* Begin PBXGroup section */
		076B15B025AF21E7009A3224 /* Category */ = {
			isa = PBXGroup;
			children = (
				076B15B125AF220F009A3224 /* UIView+Frame.h */,
				076B15B225AF220F009A3224 /* UIView+Frame.m */,
			);
			path = Category;
			sourceTree = "<group>";
		};
		076B161425AFF005009A3224 /* VCSticker */ = {
			isa = PBXGroup;
			children = (
				076B161525AFF005009A3224 /* VCLabelSticker.swift */,
				076B161625AFF005009A3224 /* VCImageSticker.swift */,
				076B161725AFF005009A3224 /* Images.xcassets */,
				076B161825AFF005009A3224 /* VCBaseSticker.swift */,
				076B161925AFF005009A3224 /* VCStickerUtils.swift */,
			);
			path = VCSticker;
			sourceTree = "<group>";
		};
		D68350102313CE9600C13E5F = {
			isa = PBXGroup;
			children = (
				D683501B2313CE9600C13E5F /* CameraCut */,
				D683501A2313CE9600C13E5F /* Products */,
				DE2070862AC257773F9F1464 /* Pods */,
				EDCB3D7B442C8442B043441C /* Frameworks */,
			);
			sourceTree = "<group>";
		};
		D683501A2313CE9600C13E5F /* Products */ = {
			isa = PBXGroup;
			children = (
				D68350192313CE9600C13E5F /* CameraCut.app */,
				D68350312313CE9800C13E5F /* CameraCutTests.xctest */,
				D683503C2313CE9800C13E5F /* CameraCutUITests.xctest */,
			);
			name = Products;
			sourceTree = "<group>";
		};
		D683501B2313CE9600C13E5F /* CameraCut */ = {
			isa = PBXGroup;
			children = (
				076B161425AFF005009A3224 /* VCSticker */,
				076B15B025AF21E7009A3224 /* Category */,
				D683501C2313CE9600C13E5F /* AppDelegate.h */,
				D683501D2313CE9600C13E5F /* AppDelegate.m */,
				D683501F2313CE9600C13E5F /* ViewController.h */,
				D68350202313CE9600C13E5F /* ViewController.mm */,
				D683504F2313CEC500C13E5F /* CSJScanIDCardViewController.h */,
				D683504E2313CEC500C13E5F /* CSJScanIDCardViewController.m */,
				D68350512313D0A100C13E5F /* CSJIDScanView.h */,
				D68350522313D0A100C13E5F /* CSJIDScanView.m */,
				D68350542313D1DA00C13E5F /* UIColor+UIColorFromRGB.h */,
				D68350552313D1DA00C13E5F /* UIColor+UIColorFromRGB.m */,
				D68350222313CE9600C13E5F /* Main.storyboard */,
				D68350252313CE9800C13E5F /* Assets.xcassets */,
				D68350272313CE9800C13E5F /* LaunchScreen.storyboard */,
				D683502A2313CE9800C13E5F /* Info.plist */,
				D683502B2313CE9800C13E5F /* main.m */,
				076B15C725AF2892009A3224 /* CameraCut-Bridging-Header.h */,
				076B15F325AFEABA009A3224 /* aaaaaa.swift */,
			);
			path = CameraCut;
			sourceTree = "<group>";
		};
		DE2070862AC257773F9F1464 /* Pods */ = {
			isa = PBXGroup;
			children = (
				6B4E44206382F04D6B47D142 /* Pods-CameraCut.debug.xcconfig */,
				B7A3E23E2A0010EEEB32F9FE /* Pods-CameraCut.release.xcconfig */,
				DEE85D330805045E3DEC979F /* Pods-CameraCut-CameraCutUITests.debug.xcconfig */,
				CC2B1DC45343381CBF14E42F /* Pods-CameraCut-CameraCutUITests.release.xcconfig */,
				2611BEB626DF325A18870DB7 /* Pods-CameraCutTests.debug.xcconfig */,
				C4B278832B3521FC030FC0F0 /* Pods-CameraCutTests.release.xcconfig */,
			);
			path = Pods;
			sourceTree = "<group>";
		};
		EDCB3D7B442C8442B043441C /* Frameworks */ = {
			isa = PBXGroup;
			children = (
				534AD76C5894D6EFCA4CF843 /* Pods_CameraCut.framework */,
				159FCC51D5298636074A7CA1 /* Pods_CameraCut_CameraCutUITests.framework */,
				A39887FB348AA4E7918C6458 /* Pods_CameraCutTests.framework */,
			);
			name = Frameworks;
			sourceTree = "<group>";
		};
/* End PBXGroup section */

/* Begin PBXNativeTarget section */
		D68350182313CE9600C13E5F /* CameraCut */ = {
			isa = PBXNativeTarget;
			buildConfigurationList = D68350452313CE9800C13E5F /* Build configuration list for PBXNativeTarget "CameraCut" */;
			buildPhases = (
				441D30C8B881EAAA0840A3B4 /* [CP] Check Pods Manifest.lock */,
				D68350152313CE9600C13E5F /* Sources */,
				D68350162313CE9600C13E5F /* Frameworks */,
				D68350172313CE9600C13E5F /* Resources */,
				28878F1FDD709F1456CDDD5B /* [CP] Embed Pods Frameworks */,
			);
			buildRules = (
			);
			dependencies = (
			);
			name = CameraCut;
			productName = CameraCut;
			productReference = D68350192313CE9600C13E5F /* CameraCut.app */;
			productType = "com.apple.product-type.application";
		};
		D68350302313CE9800C13E5F /* CameraCutTests */ = {
			isa = PBXNativeTarget;
			buildConfigurationList = D68350482313CE9800C13E5F /* Build configuration list for PBXNativeTarget "CameraCutTests" */;
			buildPhases = (
				3C67728BA4C54D6E2DE7373A /* [CP] Check Pods Manifest.lock */,
				D683502D2313CE9800C13E5F /* Sources */,
				D683502E2313CE9800C13E5F /* Frameworks */,
				D683502F2313CE9800C13E5F /* Resources */,
			);
			buildRules = (
			);
			dependencies = (
				D68350332313CE9800C13E5F /* PBXTargetDependency */,
			);
			name = CameraCutTests;
			productName = CameraCutTests;
			productReference = D68350312313CE9800C13E5F /* CameraCutTests.xctest */;
			productType = "com.apple.product-type.bundle.unit-test";
		};
		D683503B2313CE9800C13E5F /* CameraCutUITests */ = {
			isa = PBXNativeTarget;
			buildConfigurationList = D683504B2313CE9800C13E5F /* Build configuration list for PBXNativeTarget "CameraCutUITests" */;
			buildPhases = (
				C5A7856CD4B56563F690F232 /* [CP] Check Pods Manifest.lock */,
				D68350382313CE9800C13E5F /* Sources */,
				D68350392313CE9800C13E5F /* Frameworks */,
				D683503A2313CE9800C13E5F /* Resources */,
				4359D788390E77F667669CF4 /* [CP] Embed Pods Frameworks */,
			);
			buildRules = (
			);
			dependencies = (
				D683503E2313CE9800C13E5F /* PBXTargetDependency */,
			);
			name = CameraCutUITests;
			productName = CameraCutUITests;
			productReference = D683503C2313CE9800C13E5F /* CameraCutUITests.xctest */;
			productType = "com.apple.product-type.bundle.ui-testing";
		};
/* End PBXNativeTarget section */

/* Begin PBXProject section */
		D68350112313CE9600C13E5F /* Project object */ = {
			isa = PBXProject;
			attributes = {
				LastUpgradeCheck = 1030;
				ORGANIZATIONNAME = libing;
				TargetAttributes = {
					D68350182313CE9600C13E5F = {
						CreatedOnToolsVersion = 10.3;
						LastSwiftMigration = 1230;
					};
					D68350302313CE9800C13E5F = {
						CreatedOnToolsVersion = 10.3;
						TestTargetID = D68350182313CE9600C13E5F;
					};
					D683503B2313CE9800C13E5F = {
						CreatedOnToolsVersion = 10.3;
						TestTargetID = D68350182313CE9600C13E5F;
					};
				};
			};
			buildConfigurationList = D68350142313CE9600C13E5F /* Build configuration list for PBXProject "CameraCut" */;
			compatibilityVersion = "Xcode 9.3";
			developmentRegion = en;
			hasScannedForEncodings = 0;
			knownRegions = (
				en,
				Base,
			);
			mainGroup = D68350102313CE9600C13E5F;
			productRefGroup = D683501A2313CE9600C13E5F /* Products */;
			projectDirPath = "";
			projectRoot = "";
			targets = (
				D68350182313CE9600C13E5F /* CameraCut */,
				D68350302313CE9800C13E5F /* CameraCutTests */,
				D683503B2313CE9800C13E5F /* CameraCutUITests */,
			);
		};
/* End PBXProject section */

/* Begin PBXResourcesBuildPhase section */
		D68350172313CE9600C13E5F /* Resources */ = {
			isa = PBXResourcesBuildPhase;
			buildActionMask = 2147483647;
			files = (
				D68350292313CE9800C13E5F /* LaunchScreen.storyboard in Resources */,
				076B161C25AFF005009A3224 /* Images.xcassets in Resources */,
				D68350262313CE9800C13E5F /* Assets.xcassets in Resources */,
				D68350242313CE9600C13E5F /* Main.storyboard in Resources */,
			);
			runOnlyForDeploymentPostprocessing = 0;
		};
		D683502F2313CE9800C13E5F /* Resources */ = {
			isa = PBXResourcesBuildPhase;
			buildActionMask = 2147483647;
			files = (
			);
			runOnlyForDeploymentPostprocessing = 0;
		};
		D683503A2313CE9800C13E5F /* Resources */ = {
			isa = PBXResourcesBuildPhase;
			buildActionMask = 2147483647;
			files = (
			);
			runOnlyForDeploymentPostprocessing = 0;
		};
/* End PBXResourcesBuildPhase section */

/* Begin PBXShellScriptBuildPhase section */
		28878F1FDD709F1456CDDD5B /* [CP] Embed Pods Frameworks */ = {
			isa = PBXShellScriptBuildPhase;
			buildActionMask = 2147483647;
			files = (
			);
			inputFileListPaths = (
				"${PODS_ROOT}/Target Support Files/Pods-CameraCut/Pods-CameraCut-frameworks-${CONFIGURATION}-input-files.xcfilelist",
			);
			name = "[CP] Embed Pods Frameworks";
			outputFileListPaths = (
				"${PODS_ROOT}/Target Support Files/Pods-CameraCut/Pods-CameraCut-frameworks-${CONFIGURATION}-output-files.xcfilelist",
			);
			runOnlyForDeploymentPostprocessing = 0;
			shellPath = /bin/sh;
			shellScript = "\"${PODS_ROOT}/Target Support Files/Pods-CameraCut/Pods-CameraCut-frameworks.sh\"\n";
			showEnvVarsInLog = 0;
		};
		3C67728BA4C54D6E2DE7373A /* [CP] Check Pods Manifest.lock */ = {
			isa = PBXShellScriptBuildPhase;
			buildActionMask = 2147483647;
			files = (
			);
			inputFileListPaths = (
			);
			inputPaths = (
				"${PODS_PODFILE_DIR_PATH}/Podfile.lock",
				"${PODS_ROOT}/Manifest.lock",
			);
			name = "[CP] Check Pods Manifest.lock";
			outputFileListPaths = (
			);
			outputPaths = (
				"$(DERIVED_FILE_DIR)/Pods-CameraCutTests-checkManifestLockResult.txt",
			);
			runOnlyForDeploymentPostprocessing = 0;
			shellPath = /bin/sh;
			shellScript = "diff \"${PODS_PODFILE_DIR_PATH}/Podfile.lock\" \"${PODS_ROOT}/Manifest.lock\" > /dev/null\nif [ $? != 0 ] ; then\n    # print error to STDERR\n    echo \"error: The sandbox is not in sync with the Podfile.lock. Run 'pod install' or update your CocoaPods installation.\" >&2\n    exit 1\nfi\n# This output is used by Xcode 'outputs' to avoid re-running this script phase.\necho \"SUCCESS\" > \"${SCRIPT_OUTPUT_FILE_0}\"\n";
			showEnvVarsInLog = 0;
		};
		4359D788390E77F667669CF4 /* [CP] Embed Pods Frameworks */ = {
			isa = PBXShellScriptBuildPhase;
			buildActionMask = 2147483647;
			files = (
			);
			inputFileListPaths = (
				"${PODS_ROOT}/Target Support Files/Pods-CameraCut-CameraCutUITests/Pods-CameraCut-CameraCutUITests-frameworks-${CONFIGURATION}-input-files.xcfilelist",
			);
			name = "[CP] Embed Pods Frameworks";
			outputFileListPaths = (
				"${PODS_ROOT}/Target Support Files/Pods-CameraCut-CameraCutUITests/Pods-CameraCut-CameraCutUITests-frameworks-${CONFIGURATION}-output-files.xcfilelist",
			);
			runOnlyForDeploymentPostprocessing = 0;
			shellPath = /bin/sh;
			shellScript = "\"${PODS_ROOT}/Target Support Files/Pods-CameraCut-CameraCutUITests/Pods-CameraCut-CameraCutUITests-frameworks.sh\"\n";
			showEnvVarsInLog = 0;
		};
		441D30C8B881EAAA0840A3B4 /* [CP] Check Pods Manifest.lock */ = {
			isa = PBXShellScriptBuildPhase;
			buildActionMask = 2147483647;
			files = (
			);
			inputFileListPaths = (
			);
			inputPaths = (
				"${PODS_PODFILE_DIR_PATH}/Podfile.lock",
				"${PODS_ROOT}/Manifest.lock",
			);
			name = "[CP] Check Pods Manifest.lock";
			outputFileListPaths = (
			);
			outputPaths = (
				"$(DERIVED_FILE_DIR)/Pods-CameraCut-checkManifestLockResult.txt",
			);
			runOnlyForDeploymentPostprocessing = 0;
			shellPath = /bin/sh;
			shellScript = "diff \"${PODS_PODFILE_DIR_PATH}/Podfile.lock\" \"${PODS_ROOT}/Manifest.lock\" > /dev/null\nif [ $? != 0 ] ; then\n    # print error to STDERR\n    echo \"error: The sandbox is not in sync with the Podfile.lock. Run 'pod install' or update your CocoaPods installation.\" >&2\n    exit 1\nfi\n# This output is used by Xcode 'outputs' to avoid re-running this script phase.\necho \"SUCCESS\" > \"${SCRIPT_OUTPUT_FILE_0}\"\n";
			showEnvVarsInLog = 0;
		};
		C5A7856CD4B56563F690F232 /* [CP] Check Pods Manifest.lock */ = {
			isa = PBXShellScriptBuildPhase;
			buildActionMask = 2147483647;
			files = (
			);
			inputFileListPaths = (
			);
			inputPaths = (
				"${PODS_PODFILE_DIR_PATH}/Podfile.lock",
				"${PODS_ROOT}/Manifest.lock",
			);
			name = "[CP] Check Pods Manifest.lock";
			outputFileListPaths = (
			);
			outputPaths = (
				"$(DERIVED_FILE_DIR)/Pods-CameraCut-CameraCutUITests-checkManifestLockResult.txt",
			);
			runOnlyForDeploymentPostprocessing = 0;
			shellPath = /bin/sh;
			shellScript = "diff \"${PODS_PODFILE_DIR_PATH}/Podfile.lock\" \"${PODS_ROOT}/Manifest.lock\" > /dev/null\nif [ $? != 0 ] ; then\n    # print error to STDERR\n    echo \"error: The sandbox is not in sync with the Podfile.lock. Run 'pod install' or update your CocoaPods installation.\" >&2\n    exit 1\nfi\n# This output is used by Xcode 'outputs' to avoid re-running this script phase.\necho \"SUCCESS\" > \"${SCRIPT_OUTPUT_FILE_0}\"\n";
			showEnvVarsInLog = 0;
		};
/* End PBXShellScriptBuildPhase section */

/* Begin PBXSourcesBuildPhase section */
		D68350152313CE9600C13E5F /* Sources */ = {
			isa = PBXSourcesBuildPhase;
			buildActionMask = 2147483647;
			files = (
				076B161B25AFF005009A3224 /* VCImageSticker.swift in Sources */,
				D68350212313CE9600C13E5F /* ViewController.mm in Sources */,
				076B161E25AFF005009A3224 /* VCStickerUtils.swift in Sources */,
				076B161D25AFF005009A3224 /* VCBaseSticker.swift in Sources */,
				D68350532313D0A100C13E5F /* CSJIDScanView.m in Sources */,
				D683502C2313CE9800C13E5F /* main.m in Sources */,
				D68350562313D1DB00C13E5F /* UIColor+UIColorFromRGB.m in Sources */,
				D683501E2313CE9600C13E5F /* AppDelegate.m in Sources */,
				076B15F425AFEABA009A3224 /* aaaaaa.swift in Sources */,
				076B161A25AFF005009A3224 /* VCLabelSticker.swift in Sources */,
				D68350502313CEC500C13E5F /* CSJScanIDCardViewController.m in Sources */,
				076B15B325AF220F009A3224 /* UIView+Frame.m in Sources */,
			);
			runOnlyForDeploymentPostprocessing = 0;
		};
		D683502D2313CE9800C13E5F /* Sources */ = {
			isa = PBXSourcesBuildPhase;
			buildActionMask = 2147483647;
			files = (
			);
			runOnlyForDeploymentPostprocessing = 0;
		};
		D68350382313CE9800C13E5F /* Sources */ = {
			isa = PBXSourcesBuildPhase;
			buildActionMask = 2147483647;
			files = (
			);
			runOnlyForDeploymentPostprocessing = 0;
		};
/* End PBXSourcesBuildPhase section */

/* Begin PBXTargetDependency section */
		D68350332313CE9800C13E5F /* PBXTargetDependency */ = {
			isa = PBXTargetDependency;
			target = D68350182313CE9600C13E5F /* CameraCut */;
			targetProxy = D68350322313CE9800C13E5F /* PBXContainerItemProxy */;
		};
		D683503E2313CE9800C13E5F /* PBXTargetDependency */ = {
			isa = PBXTargetDependency;
			target = D68350182313CE9600C13E5F /* CameraCut */;
			targetProxy = D683503D2313CE9800C13E5F /* PBXContainerItemProxy */;
		};
/* End PBXTargetDependency section */

/* Begin PBXVariantGroup section */
		D68350222313CE9600C13E5F /* Main.storyboard */ = {
			isa = PBXVariantGroup;
			children = (
				D68350232313CE9600C13E5F /* Base */,
			);
			name = Main.storyboard;
			sourceTree = "<group>";
		};
		D68350272313CE9800C13E5F /* LaunchScreen.storyboard */ = {
			isa = PBXVariantGroup;
			children = (
				D68350282313CE9800C13E5F /* Base */,
			);
			name = LaunchScreen.storyboard;
			sourceTree = "<group>";
		};
/* End PBXVariantGroup section */

/* Begin XCBuildConfiguration section */
		D68350432313CE9800C13E5F /* Debug */ = {
			isa = XCBuildConfiguration;
			buildSettings = {
				ALWAYS_SEARCH_USER_PATHS = NO;
				CLANG_ANALYZER_NONNULL = YES;
				CLANG_ANALYZER_NUMBER_OBJECT_CONVERSION = YES_AGGRESSIVE;
				CLANG_CXX_LANGUAGE_STANDARD = "gnu++14";
				CLANG_CXX_LIBRARY = "libc++";
				CLANG_ENABLE_MODULES = YES;
				CLANG_ENABLE_OBJC_ARC = YES;
				CLANG_ENABLE_OBJC_WEAK = YES;
				CLANG_WARN_BLOCK_CAPTURE_AUTORELEASING = YES;
				CLANG_WARN_BOOL_CONVERSION = YES;
				CLANG_WARN_COMMA = YES;
				CLANG_WARN_CONSTANT_CONVERSION = YES;
				CLANG_WARN_DEPRECATED_OBJC_IMPLEMENTATIONS = YES;
				CLANG_WARN_DIRECT_OBJC_ISA_USAGE = YES_ERROR;
				CLANG_WARN_DOCUMENTATION_COMMENTS = YES;
				CLANG_WARN_EMPTY_BODY = YES;
				CLANG_WARN_ENUM_CONVERSION = YES;
				CLANG_WARN_INFINITE_RECURSION = YES;
				CLANG_WARN_INT_CONVERSION = YES;
				CLANG_WARN_NON_LITERAL_NULL_CONVERSION = YES;
				CLANG_WARN_OBJC_IMPLICIT_RETAIN_SELF = YES;
				CLANG_WARN_OBJC_LITERAL_CONVERSION = YES;
				CLANG_WARN_OBJC_ROOT_CLASS = YES_ERROR;
				CLANG_WARN_RANGE_LOOP_ANALYSIS = YES;
				CLANG_WARN_STRICT_PROTOTYPES = YES;
				CLANG_WARN_SUSPICIOUS_MOVE = YES;
				CLANG_WARN_UNGUARDED_AVAILABILITY = YES_AGGRESSIVE;
				CLANG_WARN_UNREACHABLE_CODE = YES;
				CLANG_WARN__DUPLICATE_METHOD_MATCH = YES;
				CODE_SIGN_IDENTITY = "iPhone Developer";
				COPY_PHASE_STRIP = NO;
				DEBUG_INFORMATION_FORMAT = dwarf;
				ENABLE_STRICT_OBJC_MSGSEND = YES;
				ENABLE_TESTABILITY = YES;
				GCC_C_LANGUAGE_STANDARD = gnu11;
				GCC_DYNAMIC_NO_PIC = NO;
				GCC_NO_COMMON_BLOCKS = YES;
				GCC_OPTIMIZATION_LEVEL = 0;
				GCC_PREPROCESSOR_DEFINITIONS = (
					"DEBUG=1",
					"$(inherited)",
				);
				GCC_WARN_64_TO_32_BIT_CONVERSION = YES;
				GCC_WARN_ABOUT_RETURN_TYPE = YES_ERROR;
				GCC_WARN_UNDECLARED_SELECTOR = YES;
				GCC_WARN_UNINITIALIZED_AUTOS = YES_AGGRESSIVE;
				GCC_WARN_UNUSED_FUNCTION = YES;
				GCC_WARN_UNUSED_VARIABLE = YES;
				IPHONEOS_DEPLOYMENT_TARGET = 12.4;
				MTL_ENABLE_DEBUG_INFO = INCLUDE_SOURCE;
				MTL_FAST_MATH = YES;
				ONLY_ACTIVE_ARCH = YES;
				SDKROOT = iphoneos;
			};
			name = Debug;
		};
		D68350442313CE9800C13E5F /* Release */ = {
			isa = XCBuildConfiguration;
			buildSettings = {
				ALWAYS_SEARCH_USER_PATHS = NO;
				CLANG_ANALYZER_NONNULL = YES;
				CLANG_ANALYZER_NUMBER_OBJECT_CONVERSION = YES_AGGRESSIVE;
				CLANG_CXX_LANGUAGE_STANDARD = "gnu++14";
				CLANG_CXX_LIBRARY = "libc++";
				CLANG_ENABLE_MODULES = YES;
				CLANG_ENABLE_OBJC_ARC = YES;
				CLANG_ENABLE_OBJC_WEAK = YES;
				CLANG_WARN_BLOCK_CAPTURE_AUTORELEASING = YES;
				CLANG_WARN_BOOL_CONVERSION = YES;
				CLANG_WARN_COMMA = YES;
				CLANG_WARN_CONSTANT_CONVERSION = YES;
				CLANG_WARN_DEPRECATED_OBJC_IMPLEMENTATIONS = YES;
				CLANG_WARN_DIRECT_OBJC_ISA_USAGE = YES_ERROR;
				CLANG_WARN_DOCUMENTATION_COMMENTS = YES;
				CLANG_WARN_EMPTY_BODY = YES;
				CLANG_WARN_ENUM_CONVERSION = YES;
				CLANG_WARN_INFINITE_RECURSION = YES;
				CLANG_WARN_INT_CONVERSION = YES;
				CLANG_WARN_NON_LITERAL_NULL_CONVERSION = YES;
				CLANG_WARN_OBJC_IMPLICIT_RETAIN_SELF = YES;
				CLANG_WARN_OBJC_LITERAL_CONVERSION = YES;
				CLANG_WARN_OBJC_ROOT_CLASS = YES_ERROR;
				CLANG_WARN_RANGE_LOOP_ANALYSIS = YES;
				CLANG_WARN_STRICT_PROTOTYPES = YES;
				CLANG_WARN_SUSPICIOUS_MOVE = YES;
				CLANG_WARN_UNGUARDED_AVAILABILITY = YES_AGGRESSIVE;
				CLANG_WARN_UNREACHABLE_CODE = YES;
				CLANG_WARN__DUPLICATE_METHOD_MATCH = YES;
				CODE_SIGN_IDENTITY = "iPhone Developer";
				COPY_PHASE_STRIP = NO;
				DEBUG_INFORMATION_FORMAT = "dwarf-with-dsym";
				ENABLE_NS_ASSERTIONS = NO;
				ENABLE_STRICT_OBJC_MSGSEND = YES;
				GCC_C_LANGUAGE_STANDARD = gnu11;
				GCC_NO_COMMON_BLOCKS = YES;
				GCC_WARN_64_TO_32_BIT_CONVERSION = YES;
				GCC_WARN_ABOUT_RETURN_TYPE = YES_ERROR;
				GCC_WARN_UNDECLARED_SELECTOR = YES;
				GCC_WARN_UNINITIALIZED_AUTOS = YES_AGGRESSIVE;
				GCC_WARN_UNUSED_FUNCTION = YES;
				GCC_WARN_UNUSED_VARIABLE = YES;
				IPHONEOS_DEPLOYMENT_TARGET = 12.4;
				MTL_ENABLE_DEBUG_INFO = NO;
				MTL_FAST_MATH = YES;
				SDKROOT = iphoneos;
				VALIDATE_PRODUCT = YES;
			};
			name = Release;
		};
		D68350462313CE9800C13E5F /* Debug */ = {
			isa = XCBuildConfiguration;
			baseConfigurationReference = 6B4E44206382F04D6B47D142 /* Pods-CameraCut.debug.xcconfig */;
			buildSettings = {
				ASSETCATALOG_COMPILER_APPICON_NAME = AppIcon;
				CLANG_ENABLE_MODULES = YES;
				CODE_SIGN_IDENTITY = "iPhone Developer";
				CODE_SIGN_STYLE = Automatic;
				DEFINES_MODULE = YES;
				DEVELOPMENT_TEAM = F7YBM7MWE6;
				FRAMEWORK_SEARCH_PATHS = (
					"$(inherited)",
					"$(PROJECT_DIR)/CameraCut",
				);
				INFOPLIST_FILE = CameraCut/Info.plist;
				IPHONEOS_DEPLOYMENT_TARGET = 11.0;
				LD_RUNPATH_SEARCH_PATHS = (
					"$(inherited)",
					"@executable_path/Frameworks",
				);
				PRODUCT_BUNDLE_IDENTIFIER = jhjh.CameraCut;
				PRODUCT_NAME = "$(TARGET_NAME)";
				PROVISIONING_PROFILE_SPECIFIER = "";
				SWIFT_OBJC_BRIDGING_HEADER = "CameraCut/CameraCut-Bridging-Header.h";
				SWIFT_OPTIMIZATION_LEVEL = "-Onone";
				SWIFT_VERSION = 5.0;
				TARGETED_DEVICE_FAMILY = "1,2";
			};
			name = Debug;
		};
		D68350472313CE9800C13E5F /* Release */ = {
			isa = XCBuildConfiguration;
			baseConfigurationReference = B7A3E23E2A0010EEEB32F9FE /* Pods-CameraCut.release.xcconfig */;
			buildSettings = {
				ASSETCATALOG_COMPILER_APPICON_NAME = AppIcon;
				CLANG_ENABLE_MODULES = YES;
				CODE_SIGN_IDENTITY = "iPhone Developer";
				CODE_SIGN_STYLE = Automatic;
				DEFINES_MODULE = YES;
				DEVELOPMENT_TEAM = F7YBM7MWE6;
				FRAMEWORK_SEARCH_PATHS = (
					"$(inherited)",
					"$(PROJECT_DIR)/CameraCut",
				);
				INFOPLIST_FILE = CameraCut/Info.plist;
				IPHONEOS_DEPLOYMENT_TARGET = 11.0;
				LD_RUNPATH_SEARCH_PATHS = (
					"$(inherited)",
					"@executable_path/Frameworks",
				);
				PRODUCT_BUNDLE_IDENTIFIER = jhjh.CameraCut;
				PRODUCT_NAME = "$(TARGET_NAME)";
				PROVISIONING_PROFILE_SPECIFIER = "";
				SWIFT_OBJC_BRIDGING_HEADER = "CameraCut/CameraCut-Bridging-Header.h";
				SWIFT_VERSION = 5.0;
				TARGETED_DEVICE_FAMILY = "1,2";
			};
			name = Release;
		};
		D68350492313CE9800C13E5F /* Debug */ = {
			isa = XCBuildConfiguration;
			baseConfigurationReference = 2611BEB626DF325A18870DB7 /* Pods-CameraCutTests.debug.xcconfig */;
			buildSettings = {
				ALWAYS_EMBED_SWIFT_STANDARD_LIBRARIES = YES;
				BUNDLE_LOADER = "$(TEST_HOST)";
				CODE_SIGN_STYLE = Automatic;
				INFOPLIST_FILE = CameraCutTests/Info.plist;
				LD_RUNPATH_SEARCH_PATHS = (
					"$(inherited)",
					"@executable_path/Frameworks",
					"@loader_path/Frameworks",
				);
				PRODUCT_BUNDLE_IDENTIFIER = jhjh.CameraCutTests;
				PRODUCT_NAME = "$(TARGET_NAME)";
				TARGETED_DEVICE_FAMILY = "1,2";
				TEST_HOST = "$(BUILT_PRODUCTS_DIR)/CameraCut.app/CameraCut";
			};
			name = Debug;
		};
		D683504A2313CE9800C13E5F /* Release */ = {
			isa = XCBuildConfiguration;
			baseConfigurationReference = C4B278832B3521FC030FC0F0 /* Pods-CameraCutTests.release.xcconfig */;
			buildSettings = {
				ALWAYS_EMBED_SWIFT_STANDARD_LIBRARIES = YES;
				BUNDLE_LOADER = "$(TEST_HOST)";
				CODE_SIGN_STYLE = Automatic;
				INFOPLIST_FILE = CameraCutTests/Info.plist;
				LD_RUNPATH_SEARCH_PATHS = (
					"$(inherited)",
					"@executable_path/Frameworks",
					"@loader_path/Frameworks",
				);
				PRODUCT_BUNDLE_IDENTIFIER = jhjh.CameraCutTests;
				PRODUCT_NAME = "$(TARGET_NAME)";
				TARGETED_DEVICE_FAMILY = "1,2";
				TEST_HOST = "$(BUILT_PRODUCTS_DIR)/CameraCut.app/CameraCut";
			};
			name = Release;
		};
		D683504C2313CE9800C13E5F /* Debug */ = {
			isa = XCBuildConfiguration;
			baseConfigurationReference = DEE85D330805045E3DEC979F /* Pods-CameraCut-CameraCutUITests.debug.xcconfig */;
			buildSettings = {
				ALWAYS_EMBED_SWIFT_STANDARD_LIBRARIES = YES;
				CODE_SIGN_STYLE = Automatic;
				INFOPLIST_FILE = CameraCutUITests/Info.plist;
				LD_RUNPATH_SEARCH_PATHS = (
					"$(inherited)",
					"@executable_path/Frameworks",
					"@loader_path/Frameworks",
				);
				PRODUCT_BUNDLE_IDENTIFIER = jhjh.CameraCutUITests;
				PRODUCT_NAME = "$(TARGET_NAME)";
				TARGETED_DEVICE_FAMILY = "1,2";
				TEST_TARGET_NAME = CameraCut;
			};
			name = Debug;
		};
		D683504D2313CE9800C13E5F /* Release */ = {
			isa = XCBuildConfiguration;
			baseConfigurationReference = CC2B1DC45343381CBF14E42F /* Pods-CameraCut-CameraCutUITests.release.xcconfig */;
			buildSettings = {
				ALWAYS_EMBED_SWIFT_STANDARD_LIBRARIES = YES;
				CODE_SIGN_STYLE = Automatic;
				INFOPLIST_FILE = CameraCutUITests/Info.plist;
				LD_RUNPATH_SEARCH_PATHS = (
					"$(inherited)",
					"@executable_path/Frameworks",
					"@loader_path/Frameworks",
				);
				PRODUCT_BUNDLE_IDENTIFIER = jhjh.CameraCutUITests;
				PRODUCT_NAME = "$(TARGET_NAME)";
				TARGETED_DEVICE_FAMILY = "1,2";
				TEST_TARGET_NAME = CameraCut;
			};
			name = Release;
		};
/* End XCBuildConfiguration section */

/* Begin XCConfigurationList section */
		D68350142313CE9600C13E5F /* Build configuration list for PBXProject "CameraCut" */ = {
			isa = XCConfigurationList;
			buildConfigurations = (
				D68350432313CE9800C13E5F /* Debug */,
				D68350442313CE9800C13E5F /* Release */,
			);
			defaultConfigurationIsVisible = 0;
			defaultConfigurationName = Release;
		};
		D68350452313CE9800C13E5F /* Build configuration list for PBXNativeTarget "CameraCut" */ = {
			isa = XCConfigurationList;
			buildConfigurations = (
				D68350462313CE9800C13E5F /* Debug */,
				D68350472313CE9800C13E5F /* Release */,
			);
			defaultConfigurationIsVisible = 0;
			defaultConfigurationName = Release;
		};
		D68350482313CE9800C13E5F /* Build configuration list for PBXNativeTarget "CameraCutTests" */ = {
			isa = XCConfigurationList;
			buildConfigurations = (
				D68350492313CE9800C13E5F /* Debug */,
				D683504A2313CE9800C13E5F /* Release */,
			);
			defaultConfigurationIsVisible = 0;
			defaultConfigurationName = Release;
		};
		D683504B2313CE9800C13E5F /* Build configuration list for PBXNativeTarget "CameraCutUITests" */ = {
			isa = XCConfigurationList;
			buildConfigurations = (
				D683504C2313CE9800C13E5F /* Debug */,
				D683504D2313CE9800C13E5F /* Release */,
			);
			defaultConfigurationIsVisible = 0;
			defaultConfigurationName = Release;
		};
/* End XCConfigurationList section */
	};
	rootObject = D68350112313CE9600C13E5F /* Project object */;
}
